// !$*UTF8*$!
{
	archiveVersion = 1;
	classes = {
	};
	objectVersion = 52;
	objects = {

/* Begin PBXBuildFile section */
		4781F7FAA45B58FB651FCB73 /* Pods_frameworksTests.framework in Frameworks */ = {isa = PBXBuildFile; fileRef = 611AE183492E8B4D556711B9 /* Pods_frameworksTests.framework */; };
		4CD21F50FCDF8C584C1122CF /* Pods_frameworks_frameworksUITests.framework in Frameworks */ = {isa = PBXBuildFile; fileRef = F53BD9E2026134C3C91D4BE2 /* Pods_frameworks_frameworksUITests.framework */; };
		5233FC7925B0D62E00F7FD70 /* AppDelegate.swift in Sources */ = {isa = PBXBuildFile; fileRef = 5233FC7825B0D62E00F7FD70 /* AppDelegate.swift */; };
		5233FC7B25B0D62E00F7FD70 /* SceneDelegate.swift in Sources */ = {isa = PBXBuildFile; fileRef = 5233FC7A25B0D62E00F7FD70 /* SceneDelegate.swift */; };
		5233FC7D25B0D62E00F7FD70 /* ViewController.swift in Sources */ = {isa = PBXBuildFile; fileRef = 5233FC7C25B0D62E00F7FD70 /* ViewController.swift */; };
		5233FC8025B0D62E00F7FD70 /* Main.storyboard in Resources */ = {isa = PBXBuildFile; fileRef = 5233FC7E25B0D62E00F7FD70 /* Main.storyboard */; settings = {ASSET_TAGS = (Main, ); }; };
		5233FC8225B0D63000F7FD70 /* Assets.xcassets in Resources */ = {isa = PBXBuildFile; fileRef = 5233FC8125B0D63000F7FD70 /* Assets.xcassets */; };
		5233FC8525B0D63000F7FD70 /* LaunchScreen.storyboard in Resources */ = {isa = PBXBuildFile; fileRef = 5233FC8325B0D63000F7FD70 /* LaunchScreen.storyboard */; };
		5233FCB625B0DA0700F7FD70 /* MapViewController.swift in Sources */ = {isa = PBXBuildFile; fileRef = 5233FCB525B0DA0700F7FD70 /* MapViewController.swift */; };
		5233FCD925B62A9C00F7FD70 /* CoordsModel.swift in Sources */ = {isa = PBXBuildFile; fileRef = 5233FCD825B62A9C00F7FD70 /* CoordsModel.swift */; };
		5291998425B63D2C0081ABC6 /* Pods_frameworks.framework in Frameworks */ = {isa = PBXBuildFile; fileRef = 5291998325B63D2C0081ABC6 /* Pods_frameworks.framework */; };
		5291999625B63EFD0081ABC6 /* Realm in Frameworks */ = {isa = PBXBuildFile; productRef = 5291999525B63EFD0081ABC6 /* Realm */; };
		5291999825B63EFD0081ABC6 /* RealmSwift in Frameworks */ = {isa = PBXBuildFile; productRef = 5291999725B63EFD0081ABC6 /* RealmSwift */; };
		529199A925B9FB400081ABC6 /* LoginViewController.swift in Sources */ = {isa = PBXBuildFile; fileRef = 529199A825B9FB400081ABC6 /* LoginViewController.swift */; };
		529199AE25BA05660081ABC6 /* User.swift in Sources */ = {isa = PBXBuildFile; fileRef = 529199AD25BA05660081ABC6 /* User.swift */; };
		529199B325BA09540081ABC6 /* RealmService.swift in Sources */ = {isa = PBXBuildFile; fileRef = 529199B225BA09540081ABC6 /* RealmService.swift */; };
		529199B825BA12800081ABC6 /* BaseRouter.swift in Sources */ = {isa = PBXBuildFile; fileRef = 529199B725BA12800081ABC6 /* BaseRouter.swift */; };
		529199BD25BA1A480081ABC6 /* RegisterViewController.swift in Sources */ = {isa = PBXBuildFile; fileRef = 529199BC25BA1A480081ABC6 /* RegisterViewController.swift */; };
/* End PBXBuildFile section */

/* Begin PBXContainerItemProxy section */
		5233FC8C25B0D63000F7FD70 /* PBXContainerItemProxy */ = {
			isa = PBXContainerItemProxy;
			containerPortal = 5233FC6D25B0D62E00F7FD70 /* Project object */;
			proxyType = 1;
			remoteGlobalIDString = 5233FC7425B0D62E00F7FD70;
			remoteInfo = frameworks;
		};
		5233FC9725B0D63000F7FD70 /* PBXContainerItemProxy */ = {
			isa = PBXContainerItemProxy;
			containerPortal = 5233FC6D25B0D62E00F7FD70 /* Project object */;
			proxyType = 1;
			remoteGlobalIDString = 5233FC7425B0D62E00F7FD70;
			remoteInfo = frameworks;
		};
/* End PBXContainerItemProxy section */

/* Begin PBXFileReference section */
		14060892A12E09EFF8E40906 /* Pods-frameworks-frameworksUITests.debug.xcconfig */ = {isa = PBXFileReference; includeInIndex = 1; lastKnownFileType = text.xcconfig; name = "Pods-frameworks-frameworksUITests.debug.xcconfig"; path = "Target Support Files/Pods-frameworks-frameworksUITests/Pods-frameworks-frameworksUITests.debug.xcconfig"; sourceTree = "<group>"; };
		3632C28F51086DC63A03565E /* Pods-frameworksTests.release.xcconfig */ = {isa = PBXFileReference; includeInIndex = 1; lastKnownFileType = text.xcconfig; name = "Pods-frameworksTests.release.xcconfig"; path = "Target Support Files/Pods-frameworksTests/Pods-frameworksTests.release.xcconfig"; sourceTree = "<group>"; };
		3A1E5BBFA17D74D8173083F8 /* Pods-frameworks-frameworksUITests.release.xcconfig */ = {isa = PBXFileReference; includeInIndex = 1; lastKnownFileType = text.xcconfig; name = "Pods-frameworks-frameworksUITests.release.xcconfig"; path = "Target Support Files/Pods-frameworks-frameworksUITests/Pods-frameworks-frameworksUITests.release.xcconfig"; sourceTree = "<group>"; };
		4109E04659C1F0C105B0D668 /* Pods-frameworksTests.debug.xcconfig */ = {isa = PBXFileReference; includeInIndex = 1; lastKnownFileType = text.xcconfig; name = "Pods-frameworksTests.debug.xcconfig"; path = "Target Support Files/Pods-frameworksTests/Pods-frameworksTests.debug.xcconfig"; sourceTree = "<group>"; };
		5233FC7525B0D62E00F7FD70 /* frameworks.app */ = {isa = PBXFileReference; explicitFileType = wrapper.application; includeInIndex = 0; path = frameworks.app; sourceTree = BUILT_PRODUCTS_DIR; };
		5233FC7825B0D62E00F7FD70 /* AppDelegate.swift */ = {isa = PBXFileReference; lastKnownFileType = sourcecode.swift; path = AppDelegate.swift; sourceTree = "<group>"; };
		5233FC7A25B0D62E00F7FD70 /* SceneDelegate.swift */ = {isa = PBXFileReference; lastKnownFileType = sourcecode.swift; path = SceneDelegate.swift; sourceTree = "<group>"; };
		5233FC7C25B0D62E00F7FD70 /* ViewController.swift */ = {isa = PBXFileReference; lastKnownFileType = sourcecode.swift; path = ViewController.swift; sourceTree = "<group>"; };
		5233FC7F25B0D62E00F7FD70 /* Base */ = {isa = PBXFileReference; lastKnownFileType = file.storyboard; name = Base; path = Base.lproj/Main.storyboard; sourceTree = "<group>"; };
		5233FC8125B0D63000F7FD70 /* Assets.xcassets */ = {isa = PBXFileReference; lastKnownFileType = folder.assetcatalog; path = Assets.xcassets; sourceTree = "<group>"; };
		5233FC8425B0D63000F7FD70 /* Base */ = {isa = PBXFileReference; lastKnownFileType = file.storyboard; name = Base; path = Base.lproj/LaunchScreen.storyboard; sourceTree = "<group>"; };
		5233FC8625B0D63000F7FD70 /* Info.plist */ = {isa = PBXFileReference; lastKnownFileType = text.plist.xml; path = Info.plist; sourceTree = "<group>"; };
		5233FC8B25B0D63000F7FD70 /* frameworksTests.xctest */ = {isa = PBXFileReference; explicitFileType = wrapper.cfbundle; includeInIndex = 0; path = frameworksTests.xctest; sourceTree = BUILT_PRODUCTS_DIR; };
		5233FC8F25B0D63000F7FD70 /* frameworksTests.swift */ = {isa = PBXFileReference; lastKnownFileType = sourcecode.swift; path = frameworksTests.swift; sourceTree = "<group>"; };
		5233FC9125B0D63000F7FD70 /* Info.plist */ = {isa = PBXFileReference; lastKnownFileType = text.plist.xml; path = Info.plist; sourceTree = "<group>"; };
		5233FC9625B0D63000F7FD70 /* frameworksUITests.xctest */ = {isa = PBXFileReference; explicitFileType = wrapper.cfbundle; includeInIndex = 0; path = frameworksUITests.xctest; sourceTree = BUILT_PRODUCTS_DIR; };
		5233FC9A25B0D63000F7FD70 /* frameworksUITests.swift */ = {isa = PBXFileReference; lastKnownFileType = sourcecode.swift; path = frameworksUITests.swift; sourceTree = "<group>"; };
		5233FC9C25B0D63000F7FD70 /* Info.plist */ = {isa = PBXFileReference; lastKnownFileType = text.plist.xml; path = Info.plist; sourceTree = "<group>"; };
		5233FCB525B0DA0700F7FD70 /* MapViewController.swift */ = {isa = PBXFileReference; lastKnownFileType = sourcecode.swift; path = MapViewController.swift; sourceTree = "<group>"; };
		5233FCD825B62A9C00F7FD70 /* CoordsModel.swift */ = {isa = PBXFileReference; lastKnownFileType = sourcecode.swift; path = CoordsModel.swift; sourceTree = "<group>"; };
		5291997125B63CB50081ABC6 /* RealmSwift.framework */ = {isa = PBXFileReference; explicitFileType = wrapper.framework; path = RealmSwift.framework; sourceTree = BUILT_PRODUCTS_DIR; };
		5291997325B63CB70081ABC6 /* Realm.framework */ = {isa = PBXFileReference; explicitFileType = wrapper.framework; path = Realm.framework; sourceTree = BUILT_PRODUCTS_DIR; };
		5291998325B63D2C0081ABC6 /* Pods_frameworks.framework */ = {isa = PBXFileReference; explicitFileType = wrapper.framework; path = Pods_frameworks.framework; sourceTree = BUILT_PRODUCTS_DIR; };
		529199A825B9FB400081ABC6 /* LoginViewController.swift */ = {isa = PBXFileReference; lastKnownFileType = sourcecode.swift; path = LoginViewController.swift; sourceTree = "<group>"; };
		529199AD25BA05660081ABC6 /* User.swift */ = {isa = PBXFileReference; lastKnownFileType = sourcecode.swift; path = User.swift; sourceTree = "<group>"; };
		529199B225BA09540081ABC6 /* RealmService.swift */ = {isa = PBXFileReference; lastKnownFileType = sourcecode.swift; path = RealmService.swift; sourceTree = "<group>"; };
		529199B725BA12800081ABC6 /* BaseRouter.swift */ = {isa = PBXFileReference; lastKnownFileType = sourcecode.swift; path = BaseRouter.swift; sourceTree = "<group>"; };
		529199BC25BA1A480081ABC6 /* RegisterViewController.swift */ = {isa = PBXFileReference; lastKnownFileType = sourcecode.swift; path = RegisterViewController.swift; sourceTree = "<group>"; };
		54416A2CA09362B94BFDB079 /* Pods-frameworks.debug.xcconfig */ = {isa = PBXFileReference; includeInIndex = 1; lastKnownFileType = text.xcconfig; name = "Pods-frameworks.debug.xcconfig"; path = "Target Support Files/Pods-frameworks/Pods-frameworks.debug.xcconfig"; sourceTree = "<group>"; };
		611AE183492E8B4D556711B9 /* Pods_frameworksTests.framework */ = {isa = PBXFileReference; explicitFileType = wrapper.framework; includeInIndex = 0; path = Pods_frameworksTests.framework; sourceTree = BUILT_PRODUCTS_DIR; };
		B5248E18AD3DDF729FAD3A17 /* Pods-frameworks.release.xcconfig */ = {isa = PBXFileReference; includeInIndex = 1; lastKnownFileType = text.xcconfig; name = "Pods-frameworks.release.xcconfig"; path = "Target Support Files/Pods-frameworks/Pods-frameworks.release.xcconfig"; sourceTree = "<group>"; };
		F53BD9E2026134C3C91D4BE2 /* Pods_frameworks_frameworksUITests.framework */ = {isa = PBXFileReference; explicitFileType = wrapper.framework; includeInIndex = 0; path = Pods_frameworks_frameworksUITests.framework; sourceTree = BUILT_PRODUCTS_DIR; };
		F73659A1F62819251D20E378 /* Pods_frameworks.framework */ = {isa = PBXFileReference; explicitFileType = wrapper.framework; includeInIndex = 0; path = Pods_frameworks.framework; sourceTree = BUILT_PRODUCTS_DIR; };
/* End PBXFileReference section */

/* Begin PBXFrameworksBuildPhase section */
		5233FC7225B0D62E00F7FD70 /* Frameworks */ = {
			isa = PBXFrameworksBuildPhase;
			buildActionMask = 2147483647;
			files = (
				5291999825B63EFD0081ABC6 /* RealmSwift in Frameworks */,
				5291999625B63EFD0081ABC6 /* Realm in Frameworks */,
				5291998425B63D2C0081ABC6 /* Pods_frameworks.framework in Frameworks */,
			);
			runOnlyForDeploymentPostprocessing = 0;
		};
		5233FC8825B0D63000F7FD70 /* Frameworks */ = {
			isa = PBXFrameworksBuildPhase;
			buildActionMask = 2147483647;
			files = (
				4781F7FAA45B58FB651FCB73 /* Pods_frameworksTests.framework in Frameworks */,
			);
			runOnlyForDeploymentPostprocessing = 0;
		};
		5233FC9325B0D63000F7FD70 /* Frameworks */ = {
			isa = PBXFrameworksBuildPhase;
			buildActionMask = 2147483647;
			files = (
				4CD21F50FCDF8C584C1122CF /* Pods_frameworks_frameworksUITests.framework in Frameworks */,
			);
			runOnlyForDeploymentPostprocessing = 0;
		};
/* End PBXFrameworksBuildPhase section */

/* Begin PBXGroup section */
		36C65E2169D9D7848CE33DEA /* Frameworks */ = {
			isa = PBXGroup;
			children = (
				5291998325B63D2C0081ABC6 /* Pods_frameworks.framework */,
				5291997325B63CB70081ABC6 /* Realm.framework */,
				5291997125B63CB50081ABC6 /* RealmSwift.framework */,
				F73659A1F62819251D20E378 /* Pods_frameworks.framework */,
				F53BD9E2026134C3C91D4BE2 /* Pods_frameworks_frameworksUITests.framework */,
				611AE183492E8B4D556711B9 /* Pods_frameworksTests.framework */,
			);
			name = Frameworks;
			sourceTree = "<group>";
		};
		3E3F46C5F7D103C901B4B71F /* Pods */ = {
			isa = PBXGroup;
			children = (
				54416A2CA09362B94BFDB079 /* Pods-frameworks.debug.xcconfig */,
				B5248E18AD3DDF729FAD3A17 /* Pods-frameworks.release.xcconfig */,
				14060892A12E09EFF8E40906 /* Pods-frameworks-frameworksUITests.debug.xcconfig */,
				3A1E5BBFA17D74D8173083F8 /* Pods-frameworks-frameworksUITests.release.xcconfig */,
				4109E04659C1F0C105B0D668 /* Pods-frameworksTests.debug.xcconfig */,
				3632C28F51086DC63A03565E /* Pods-frameworksTests.release.xcconfig */,
			);
			path = Pods;
			sourceTree = "<group>";
		};
		5233FC6C25B0D62E00F7FD70 = {
			isa = PBXGroup;
			children = (
				5233FC7725B0D62E00F7FD70 /* frameworks */,
				5233FC8E25B0D63000F7FD70 /* frameworksTests */,
				5233FC9925B0D63000F7FD70 /* frameworksUITests */,
				5233FC7625B0D62E00F7FD70 /* Products */,
				3E3F46C5F7D103C901B4B71F /* Pods */,
				36C65E2169D9D7848CE33DEA /* Frameworks */,
			);
			sourceTree = "<group>";
		};
		5233FC7625B0D62E00F7FD70 /* Products */ = {
			isa = PBXGroup;
			children = (
				5233FC7525B0D62E00F7FD70 /* frameworks.app */,
				5233FC8B25B0D63000F7FD70 /* frameworksTests.xctest */,
				5233FC9625B0D63000F7FD70 /* frameworksUITests.xctest */,
			);
			name = Products;
			sourceTree = "<group>";
		};
		5233FC7725B0D62E00F7FD70 /* frameworks */ = {
			isa = PBXGroup;
			children = (
				529199C425BA27CC0081ABC6 /* ViewControllers */,
				529199C825BA27DE0081ABC6 /* Models */,
				529199CC25BA280C0081ABC6 /* Services */,
				5233FC7A25B0D62E00F7FD70 /* SceneDelegate.swift */,
				5233FC7825B0D62E00F7FD70 /* AppDelegate.swift */,
				5233FC7E25B0D62E00F7FD70 /* Main.storyboard */,
				5233FC8125B0D63000F7FD70 /* Assets.xcassets */,
				5233FC8325B0D63000F7FD70 /* LaunchScreen.storyboard */,
				5233FC8625B0D63000F7FD70 /* Info.plist */,
			);
			path = frameworks;
			sourceTree = "<group>";
		};
		5233FC8E25B0D63000F7FD70 /* frameworksTests */ = {
			isa = PBXGroup;
			children = (
				5233FC8F25B0D63000F7FD70 /* frameworksTests.swift */,
				5233FC9125B0D63000F7FD70 /* Info.plist */,
			);
			path = frameworksTests;
			sourceTree = "<group>";
		};
		5233FC9925B0D63000F7FD70 /* frameworksUITests */ = {
			isa = PBXGroup;
			children = (
				5233FC9A25B0D63000F7FD70 /* frameworksUITests.swift */,
				5233FC9C25B0D63000F7FD70 /* Info.plist */,
			);
			path = frameworksUITests;
			sourceTree = "<group>";
		};
		529199C425BA27CC0081ABC6 /* ViewControllers */ = {
			isa = PBXGroup;
			children = (
				5233FC7C25B0D62E00F7FD70 /* ViewController.swift */,
				5233FCB525B0DA0700F7FD70 /* MapViewController.swift */,
				529199A825B9FB400081ABC6 /* LoginViewController.swift */,
				529199BC25BA1A480081ABC6 /* RegisterViewController.swift */,
			);
			path = ViewControllers;
			sourceTree = "<group>";
		};
		529199C825BA27DE0081ABC6 /* Models */ = {
			isa = PBXGroup;
			children = (
				5233FCD825B62A9C00F7FD70 /* CoordsModel.swift */,
				529199AD25BA05660081ABC6 /* User.swift */,
			);
			path = Models;
			sourceTree = "<group>";
		};
		529199CC25BA280C0081ABC6 /* Services */ = {
			isa = PBXGroup;
			children = (
				529199B225BA09540081ABC6 /* RealmService.swift */,
				529199B725BA12800081ABC6 /* BaseRouter.swift */,
			);
			path = Services;
			sourceTree = "<group>";
		};
/* End PBXGroup section */

/* Begin PBXNativeTarget section */
		5233FC7425B0D62E00F7FD70 /* frameworks */ = {
			isa = PBXNativeTarget;
			buildConfigurationList = 5233FC9F25B0D63000F7FD70 /* Build configuration list for PBXNativeTarget "frameworks" */;
			buildPhases = (
				C6AF769055B99F1D58E450DA /* [CP] Check Pods Manifest.lock */,
				5233FC7125B0D62E00F7FD70 /* Sources */,
				5233FC7225B0D62E00F7FD70 /* Frameworks */,
				5233FC7325B0D62E00F7FD70 /* Resources */,
				9CDEDFC45E4B6805D8B35FBA /* [CP] Copy Pods Resources */,
			);
			buildRules = (
			);
			dependencies = (
			);
			name = frameworks;
			packageProductDependencies = (
				5291999525B63EFD0081ABC6 /* Realm */,
				5291999725B63EFD0081ABC6 /* RealmSwift */,
			);
			productName = frameworks;
			productReference = 5233FC7525B0D62E00F7FD70 /* frameworks.app */;
			productType = "com.apple.product-type.application";
		};
		5233FC8A25B0D63000F7FD70 /* frameworksTests */ = {
			isa = PBXNativeTarget;
			buildConfigurationList = 5233FCA225B0D63000F7FD70 /* Build configuration list for PBXNativeTarget "frameworksTests" */;
			buildPhases = (
				873C2E1FD09BB812EDE94244 /* [CP] Check Pods Manifest.lock */,
				5233FC8725B0D63000F7FD70 /* Sources */,
				5233FC8825B0D63000F7FD70 /* Frameworks */,
				5233FC8925B0D63000F7FD70 /* Resources */,
			);
			buildRules = (
			);
			dependencies = (
				5233FC8D25B0D63000F7FD70 /* PBXTargetDependency */,
			);
			name = frameworksTests;
			productName = frameworksTests;
			productReference = 5233FC8B25B0D63000F7FD70 /* frameworksTests.xctest */;
			productType = "com.apple.product-type.bundle.unit-test";
		};
		5233FC9525B0D63000F7FD70 /* frameworksUITests */ = {
			isa = PBXNativeTarget;
			buildConfigurationList = 5233FCA525B0D63000F7FD70 /* Build configuration list for PBXNativeTarget "frameworksUITests" */;
			buildPhases = (
				0BD1A2D8A1FA1931DDDCFAA9 /* [CP] Check Pods Manifest.lock */,
				5233FC9225B0D63000F7FD70 /* Sources */,
				5233FC9325B0D63000F7FD70 /* Frameworks */,
				5233FC9425B0D63000F7FD70 /* Resources */,
				3CA6853204EB3557CB97440D /* [CP] Copy Pods Resources */,
			);
			buildRules = (
			);
			dependencies = (
				5233FC9825B0D63000F7FD70 /* PBXTargetDependency */,
			);
			name = frameworksUITests;
			productName = frameworksUITests;
			productReference = 5233FC9625B0D63000F7FD70 /* frameworksUITests.xctest */;
			productType = "com.apple.product-type.bundle.ui-testing";
		};
/* End PBXNativeTarget section */

/* Begin PBXProject section */
		5233FC6D25B0D62E00F7FD70 /* Project object */ = {
			isa = PBXProject;
			attributes = {
				KnownAssetTags = (
					Main,
				);
				LastSwiftUpdateCheck = 1230;
				LastUpgradeCheck = 1230;
				TargetAttributes = {
					5233FC7425B0D62E00F7FD70 = {
						CreatedOnToolsVersion = 12.3;
					};
					5233FC8A25B0D63000F7FD70 = {
						CreatedOnToolsVersion = 12.3;
						TestTargetID = 5233FC7425B0D62E00F7FD70;
					};
					5233FC9525B0D63000F7FD70 = {
						CreatedOnToolsVersion = 12.3;
						TestTargetID = 5233FC7425B0D62E00F7FD70;
					};
				};
			};
			buildConfigurationList = 5233FC7025B0D62E00F7FD70 /* Build configuration list for PBXProject "frameworks" */;
			compatibilityVersion = "Xcode 9.3";
			developmentRegion = en;
			hasScannedForEncodings = 0;
			knownRegions = (
				en,
				Base,
			);
			mainGroup = 5233FC6C25B0D62E00F7FD70;
			packageReferences = (
				5291999425B63EFD0081ABC6 /* XCRemoteSwiftPackageReference "realm-cocoa" */,
			);
			productRefGroup = 5233FC7625B0D62E00F7FD70 /* Products */;
			projectDirPath = "";
			projectRoot = "";
			targets = (
				5233FC7425B0D62E00F7FD70 /* frameworks */,
				5233FC8A25B0D63000F7FD70 /* frameworksTests */,
				5233FC9525B0D63000F7FD70 /* frameworksUITests */,
			);
		};
/* End PBXProject section */

/* Begin PBXResourcesBuildPhase section */
		5233FC7325B0D62E00F7FD70 /* Resources */ = {
			isa = PBXResourcesBuildPhase;
			buildActionMask = 2147483647;
			files = (
				5233FC8525B0D63000F7FD70 /* LaunchScreen.storyboard in Resources */,
				5233FC8225B0D63000F7FD70 /* Assets.xcassets in Resources */,
				5233FC8025B0D62E00F7FD70 /* Main.storyboard in Resources */,
			);
			runOnlyForDeploymentPostprocessing = 0;
		};
		5233FC8925B0D63000F7FD70 /* Resources */ = {
			isa = PBXResourcesBuildPhase;
			buildActionMask = 2147483647;
			files = (
			);
			runOnlyForDeploymentPostprocessing = 0;
		};
		5233FC9425B0D63000F7FD70 /* Resources */ = {
			isa = PBXResourcesBuildPhase;
			buildActionMask = 2147483647;
			files = (
			);
			runOnlyForDeploymentPostprocessing = 0;
		};
/* End PBXResourcesBuildPhase section */

/* Begin PBXShellScriptBuildPhase section */
		0BD1A2D8A1FA1931DDDCFAA9 /* [CP] Check Pods Manifest.lock */ = {
			isa = PBXShellScriptBuildPhase;
			buildActionMask = 2147483647;
			files = (
			);
			inputFileListPaths = (
			);
			inputPaths = (
				"${PODS_PODFILE_DIR_PATH}/Podfile.lock",
				"${PODS_ROOT}/Manifest.lock",
			);
			name = "[CP] Check Pods Manifest.lock";
			outputFileListPaths = (
			);
			outputPaths = (
				"$(DERIVED_FILE_DIR)/Pods-frameworks-frameworksUITests-checkManifestLockResult.txt",
			);
			runOnlyForDeploymentPostprocessing = 0;
			shellPath = /bin/sh;
			shellScript = "diff \"${PODS_PODFILE_DIR_PATH}/Podfile.lock\" \"${PODS_ROOT}/Manifest.lock\" > /dev/null\nif [ $? != 0 ] ; then\n    # print error to STDERR\n    echo \"error: The sandbox is not in sync with the Podfile.lock. Run 'pod install' or update your CocoaPods installation.\" >&2\n    exit 1\nfi\n# This output is used by Xcode 'outputs' to avoid re-running this script phase.\necho \"SUCCESS\" > \"${SCRIPT_OUTPUT_FILE_0}\"\n";
			showEnvVarsInLog = 0;
		};
		3CA6853204EB3557CB97440D /* [CP] Copy Pods Resources */ = {
			isa = PBXShellScriptBuildPhase;
			buildActionMask = 2147483647;
			files = (
			);
			inputFileListPaths = (
				"${PODS_ROOT}/Target Support Files/Pods-frameworks-frameworksUITests/Pods-frameworks-frameworksUITests-resources-${CONFIGURATION}-input-files.xcfilelist",
			);
			name = "[CP] Copy Pods Resources";
			outputFileListPaths = (
				"${PODS_ROOT}/Target Support Files/Pods-frameworks-frameworksUITests/Pods-frameworks-frameworksUITests-resources-${CONFIGURATION}-output-files.xcfilelist",
			);
			runOnlyForDeploymentPostprocessing = 0;
			shellPath = /bin/sh;
			shellScript = "\"${PODS_ROOT}/Target Support Files/Pods-frameworks-frameworksUITests/Pods-frameworks-frameworksUITests-resources.sh\"\n";
			showEnvVarsInLog = 0;
		};
		873C2E1FD09BB812EDE94244 /* [CP] Check Pods Manifest.lock */ = {
			isa = PBXShellScriptBuildPhase;
			buildActionMask = 2147483647;
			files = (
			);
			inputFileListPaths = (
			);
			inputPaths = (
				"${PODS_PODFILE_DIR_PATH}/Podfile.lock",
				"${PODS_ROOT}/Manifest.lock",
			);
			name = "[CP] Check Pods Manifest.lock";
			outputFileListPaths = (
			);
			outputPaths = (
				"$(DERIVED_FILE_DIR)/Pods-frameworksTests-checkManifestLockResult.txt",
			);
			runOnlyForDeploymentPostprocessing = 0;
			shellPath = /bin/sh;
			shellScript = "diff \"${PODS_PODFILE_DIR_PATH}/Podfile.lock\" \"${PODS_ROOT}/Manifest.lock\" > /dev/null\nif [ $? != 0 ] ; then\n    # print error to STDERR\n    echo \"error: The sandbox is not in sync with the Podfile.lock. Run 'pod install' or update your CocoaPods installation.\" >&2\n    exit 1\nfi\n# This output is used by Xcode 'outputs' to avoid re-running this script phase.\necho \"SUCCESS\" > \"${SCRIPT_OUTPUT_FILE_0}\"\n";
			showEnvVarsInLog = 0;
		};
		9CDEDFC45E4B6805D8B35FBA /* [CP] Copy Pods Resources */ = {
			isa = PBXShellScriptBuildPhase;
			buildActionMask = 2147483647;
			files = (
			);
			inputFileListPaths = (
				"${PODS_ROOT}/Target Support Files/Pods-frameworks/Pods-frameworks-resources-${CONFIGURATION}-input-files.xcfilelist",
			);
			name = "[CP] Copy Pods Resources";
			outputFileListPaths = (
				"${PODS_ROOT}/Target Support Files/Pods-frameworks/Pods-frameworks-resources-${CONFIGURATION}-output-files.xcfilelist",
			);
			runOnlyForDeploymentPostprocessing = 0;
			shellPath = /bin/sh;
			shellScript = "\"${PODS_ROOT}/Target Support Files/Pods-frameworks/Pods-frameworks-resources.sh\"\n";
			showEnvVarsInLog = 0;
		};
		C6AF769055B99F1D58E450DA /* [CP] Check Pods Manifest.lock */ = {
			isa = PBXShellScriptBuildPhase;
			buildActionMask = 2147483647;
			files = (
			);
			inputFileListPaths = (
			);
			inputPaths = (
				"${PODS_PODFILE_DIR_PATH}/Podfile.lock",
				"${PODS_ROOT}/Manifest.lock",
			);
			name = "[CP] Check Pods Manifest.lock";
			outputFileListPaths = (
			);
			outputPaths = (
				"$(DERIVED_FILE_DIR)/Pods-frameworks-checkManifestLockResult.txt",
			);
			runOnlyForDeploymentPostprocessing = 0;
			shellPath = /bin/sh;
			shellScript = "diff \"${PODS_PODFILE_DIR_PATH}/Podfile.lock\" \"${PODS_ROOT}/Manifest.lock\" > /dev/null\nif [ $? != 0 ] ; then\n    # print error to STDERR\n    echo \"error: The sandbox is not in sync with the Podfile.lock. Run 'pod install' or update your CocoaPods installation.\" >&2\n    exit 1\nfi\n# This output is used by Xcode 'outputs' to avoid re-running this script phase.\necho \"SUCCESS\" > \"${SCRIPT_OUTPUT_FILE_0}\"\n";
			showEnvVarsInLog = 0;
		};
/* End PBXShellScriptBuildPhase section */

/* Begin PBXSourcesBuildPhase section */
		5233FC7125B0D62E00F7FD70 /* Sources */ = {
			isa = PBXSourcesBuildPhase;
			buildActionMask = 2147483647;
			files = (
				529199A925B9FB400081ABC6 /* LoginViewController.swift in Sources */,
				529199BD25BA1A480081ABC6 /* RegisterViewController.swift in Sources */,
				529199B825BA12800081ABC6 /* BaseRouter.swift in Sources */,
				5233FCD925B62A9C00F7FD70 /* CoordsModel.swift in Sources */,
				5233FC7D25B0D62E00F7FD70 /* ViewController.swift in Sources */,
				5233FC7925B0D62E00F7FD70 /* AppDelegate.swift in Sources */,
				5233FC7B25B0D62E00F7FD70 /* SceneDelegate.swift in Sources */,
				5233FCB625B0DA0700F7FD70 /* MapViewController.swift in Sources */,
				529199AE25BA05660081ABC6 /* User.swift in Sources */,
				529199B325BA09540081ABC6 /* RealmService.swift in Sources */,
			);
			runOnlyForDeploymentPostprocessing = 0;
		};
		5233FC8725B0D63000F7FD70 /* Sources */ = {
			isa = PBXSourcesBuildPhase;
			buildActionMask = 2147483647;
			files = (
			);
			runOnlyForDeploymentPostprocessing = 0;
		};
		5233FC9225B0D63000F7FD70 /* Sources */ = {
			isa = PBXSourcesBuildPhase;
			buildActionMask = 2147483647;
			files = (
			);
			runOnlyForDeploymentPostprocessing = 0;
		};
/* End PBXSourcesBuildPhase section */

/* Begin PBXTargetDependency section */
		5233FC8D25B0D63000F7FD70 /* PBXTargetDependency */ = {
			isa = PBXTargetDependency;
			target = 5233FC7425B0D62E00F7FD70 /* frameworks */;
			targetProxy = 5233FC8C25B0D63000F7FD70 /* PBXContainerItemProxy */;
		};
		5233FC9825B0D63000F7FD70 /* PBXTargetDependency */ = {
			isa = PBXTargetDependency;
			target = 5233FC7425B0D62E00F7FD70 /* frameworks */;
			targetProxy = 5233FC9725B0D63000F7FD70 /* PBXContainerItemProxy */;
		};
/* End PBXTargetDependency section */

/* Begin PBXVariantGroup section */
		5233FC7E25B0D62E00F7FD70 /* Main.storyboard */ = {
			isa = PBXVariantGroup;
			children = (
				5233FC7F25B0D62E00F7FD70 /* Base */,
			);
			name = Main.storyboard;
			sourceTree = "<group>";
		};
		5233FC8325B0D63000F7FD70 /* LaunchScreen.storyboard */ = {
			isa = PBXVariantGroup;
			children = (
				5233FC8425B0D63000F7FD70 /* Base */,
			);
			name = LaunchScreen.storyboard;
			sourceTree = "<group>";
		};
/* End PBXVariantGroup section */

/* Begin XCBuildConfiguration section */
		5233FC9D25B0D63000F7FD70 /* Debug */ = {
			isa = XCBuildConfiguration;
			buildSettings = {
				ALWAYS_SEARCH_USER_PATHS = NO;
				CLANG_ANALYZER_NONNULL = YES;
				CLANG_ANALYZER_NUMBER_OBJECT_CONVERSION = YES_AGGRESSIVE;
				CLANG_CXX_LANGUAGE_STANDARD = "gnu++14";
				CLANG_CXX_LIBRARY = "libc++";
				CLANG_ENABLE_MODULES = YES;
				CLANG_ENABLE_OBJC_ARC = YES;
				CLANG_ENABLE_OBJC_WEAK = YES;
				CLANG_WARN_BLOCK_CAPTURE_AUTORELEASING = YES;
				CLANG_WARN_BOOL_CONVERSION = YES;
				CLANG_WARN_COMMA = YES;
				CLANG_WARN_CONSTANT_CONVERSION = YES;
				CLANG_WARN_DEPRECATED_OBJC_IMPLEMENTATIONS = YES;
				CLANG_WARN_DIRECT_OBJC_ISA_USAGE = YES_ERROR;
				CLANG_WARN_DOCUMENTATION_COMMENTS = YES;
				CLANG_WARN_EMPTY_BODY = YES;
				CLANG_WARN_ENUM_CONVERSION = YES;
				CLANG_WARN_INFINITE_RECURSION = YES;
				CLANG_WARN_INT_CONVERSION = YES;
				CLANG_WARN_NON_LITERAL_NULL_CONVERSION = YES;
				CLANG_WARN_OBJC_IMPLICIT_RETAIN_SELF = YES;
				CLANG_WARN_OBJC_LITERAL_CONVERSION = YES;
				CLANG_WARN_OBJC_ROOT_CLASS = YES_ERROR;
				CLANG_WARN_QUOTED_INCLUDE_IN_FRAMEWORK_HEADER = YES;
				CLANG_WARN_RANGE_LOOP_ANALYSIS = YES;
				CLANG_WARN_STRICT_PROTOTYPES = YES;
				CLANG_WARN_SUSPICIOUS_MOVE = YES;
				CLANG_WARN_UNGUARDED_AVAILABILITY = YES_AGGRESSIVE;
				CLANG_WARN_UNREACHABLE_CODE = YES;
				CLANG_WARN__DUPLICATE_METHOD_MATCH = YES;
				COPY_PHASE_STRIP = NO;
				DEBUG_INFORMATION_FORMAT = dwarf;
				ENABLE_STRICT_OBJC_MSGSEND = YES;
				ENABLE_TESTABILITY = YES;
				GCC_C_LANGUAGE_STANDARD = gnu11;
				GCC_DYNAMIC_NO_PIC = NO;
				GCC_NO_COMMON_BLOCKS = YES;
				GCC_OPTIMIZATION_LEVEL = 0;
				GCC_PREPROCESSOR_DEFINITIONS = (
					"DEBUG=1",
					"$(inherited)",
				);
				GCC_WARN_64_TO_32_BIT_CONVERSION = YES;
				GCC_WARN_ABOUT_RETURN_TYPE = YES_ERROR;
				GCC_WARN_UNDECLARED_SELECTOR = YES;
				GCC_WARN_UNINITIALIZED_AUTOS = YES_AGGRESSIVE;
				GCC_WARN_UNUSED_FUNCTION = YES;
				GCC_WARN_UNUSED_VARIABLE = YES;
				IPHONEOS_DEPLOYMENT_TARGET = 14.3;
				MTL_ENABLE_DEBUG_INFO = INCLUDE_SOURCE;
				MTL_FAST_MATH = YES;
				ONLY_ACTIVE_ARCH = YES;
				SDKROOT = iphoneos;
				SWIFT_ACTIVE_COMPILATION_CONDITIONS = DEBUG;
				SWIFT_OPTIMIZATION_LEVEL = "-Onone";
			};
			name = Debug;
		};
		5233FC9E25B0D63000F7FD70 /* Release */ = {
			isa = XCBuildConfiguration;
			buildSettings = {
				ALWAYS_SEARCH_USER_PATHS = NO;
				CLANG_ANALYZER_NONNULL = YES;
				CLANG_ANALYZER_NUMBER_OBJECT_CONVERSION = YES_AGGRESSIVE;
				CLANG_CXX_LANGUAGE_STANDARD = "gnu++14";
				CLANG_CXX_LIBRARY = "libc++";
				CLANG_ENABLE_MODULES = YES;
				CLANG_ENABLE_OBJC_ARC = YES;
				CLANG_ENABLE_OBJC_WEAK = YES;
				CLANG_WARN_BLOCK_CAPTURE_AUTORELEASING = YES;
				CLANG_WARN_BOOL_CONVERSION = YES;
				CLANG_WARN_COMMA = YES;
				CLANG_WARN_CONSTANT_CONVERSION = YES;
				CLANG_WARN_DEPRECATED_OBJC_IMPLEMENTATIONS = YES;
				CLANG_WARN_DIRECT_OBJC_ISA_USAGE = YES_ERROR;
				CLANG_WARN_DOCUMENTATION_COMMENTS = YES;
				CLANG_WARN_EMPTY_BODY = YES;
				CLANG_WARN_ENUM_CONVERSION = YES;
				CLANG_WARN_INFINITE_RECURSION = YES;
				CLANG_WARN_INT_CONVERSION = YES;
				CLANG_WARN_NON_LITERAL_NULL_CONVERSION = YES;
				CLANG_WARN_OBJC_IMPLICIT_RETAIN_SELF = YES;
				CLANG_WARN_OBJC_LITERAL_CONVERSION = YES;
				CLANG_WARN_OBJC_ROOT_CLASS = YES_ERROR;
				CLANG_WARN_QUOTED_INCLUDE_IN_FRAMEWORK_HEADER = YES;
				CLANG_WARN_RANGE_LOOP_ANALYSIS = YES;
				CLANG_WARN_STRICT_PROTOTYPES = YES;
				CLANG_WARN_SUSPICIOUS_MOVE = YES;
				CLANG_WARN_UNGUARDED_AVAILABILITY = YES_AGGRESSIVE;
				CLANG_WARN_UNREACHABLE_CODE = YES;
				CLANG_WARN__DUPLICATE_METHOD_MATCH = YES;
				COPY_PHASE_STRIP = NO;
				DEBUG_INFORMATION_FORMAT = "dwarf-with-dsym";
				ENABLE_NS_ASSERTIONS = NO;
				ENABLE_STRICT_OBJC_MSGSEND = YES;
				GCC_C_LANGUAGE_STANDARD = gnu11;
				GCC_NO_COMMON_BLOCKS = YES;
				GCC_WARN_64_TO_32_BIT_CONVERSION = YES;
				GCC_WARN_ABOUT_RETURN_TYPE = YES_ERROR;
				GCC_WARN_UNDECLARED_SELECTOR = YES;
				GCC_WARN_UNINITIALIZED_AUTOS = YES_AGGRESSIVE;
				GCC_WARN_UNUSED_FUNCTION = YES;
				GCC_WARN_UNUSED_VARIABLE = YES;
				IPHONEOS_DEPLOYMENT_TARGET = 14.3;
				MTL_ENABLE_DEBUG_INFO = NO;
				MTL_FAST_MATH = YES;
				SDKROOT = iphoneos;
				SWIFT_COMPILATION_MODE = wholemodule;
				SWIFT_OPTIMIZATION_LEVEL = "-O";
				VALIDATE_PRODUCT = YES;
			};
			name = Release;
		};
		5233FCA025B0D63000F7FD70 /* Debug */ = {
			isa = XCBuildConfiguration;
			baseConfigurationReference = 54416A2CA09362B94BFDB079 /* Pods-frameworks.debug.xcconfig */;
			buildSettings = {
				ALWAYS_EMBED_SWIFT_STANDARD_LIBRARIES = "$(inherited)";
				ASSETCATALOG_COMPILER_APPICON_NAME = AppIcon;
				ASSETCATALOG_COMPILER_GLOBAL_ACCENT_COLOR_NAME = AccentColor;
				CODE_SIGN_STYLE = Automatic;
				DEVELOPMENT_TEAM = A9AML55U6D;
				INFOPLIST_FILE = frameworks/Info.plist;
				LD_RUNPATH_SEARCH_PATHS = (
					"$(inherited)",
					"@executable_path/Frameworks",
				);
				PRODUCT_BUNDLE_IDENTIFIER = com.likhachev.frameworks;
				PRODUCT_NAME = "$(TARGET_NAME)";
				SWIFT_VERSION = 5.0;
				TARGETED_DEVICE_FAMILY = "1,2";
			};
			name = Debug;
		};
		5233FCA125B0D63000F7FD70 /* Release */ = {
			isa = XCBuildConfiguration;
			baseConfigurationReference = B5248E18AD3DDF729FAD3A17 /* Pods-frameworks.release.xcconfig */;
			buildSettings = {
				ALWAYS_EMBED_SWIFT_STANDARD_LIBRARIES = "$(inherited)";
				ASSETCATALOG_COMPILER_APPICON_NAME = AppIcon;
				ASSETCATALOG_COMPILER_GLOBAL_ACCENT_COLOR_NAME = AccentColor;
				CODE_SIGN_STYLE = Automatic;
				DEVELOPMENT_TEAM = A9AML55U6D;
				INFOPLIST_FILE = frameworks/Info.plist;
				LD_RUNPATH_SEARCH_PATHS = (
					"$(inherited)",
					"@executable_path/Frameworks",
				);
				PRODUCT_BUNDLE_IDENTIFIER = com.likhachev.frameworks;
				PRODUCT_NAME = "$(TARGET_NAME)";
				SWIFT_VERSION = 5.0;
				TARGETED_DEVICE_FAMILY = "1,2";
			};
			name = Release;
		};
		5233FCA325B0D63000F7FD70 /* Debug */ = {
			isa = XCBuildConfiguration;
			baseConfigurationReference = 4109E04659C1F0C105B0D668 /* Pods-frameworksTests.debug.xcconfig */;
			buildSettings = {
				ALWAYS_EMBED_SWIFT_STANDARD_LIBRARIES = YES;
				BUNDLE_LOADER = "$(TEST_HOST)";
				CODE_SIGN_STYLE = Automatic;
				DEVELOPMENT_TEAM = A9AML55U6D;
				INFOPLIST_FILE = frameworksTests/Info.plist;
				IPHONEOS_DEPLOYMENT_TARGET = 14.3;
				LD_RUNPATH_SEARCH_PATHS = (
					"$(inherited)",
					"@executable_path/Frameworks",
					"@loader_path/Frameworks",
				);
				PRODUCT_BUNDLE_IDENTIFIER = com.likhachev.frameworksTests;
				PRODUCT_NAME = "$(TARGET_NAME)";
				SWIFT_VERSION = 5.0;
				TARGETED_DEVICE_FAMILY = "1,2";
				TEST_HOST = "$(BUILT_PRODUCTS_DIR)/frameworks.app/frameworks";
			};
			name = Debug;
		};
		5233FCA425B0D63000F7FD70 /* Release */ = {
			isa = XCBuildConfiguration;
			baseConfigurationReference = 3632C28F51086DC63A03565E /* Pods-frameworksTests.release.xcconfig */;
			buildSettings = {
				ALWAYS_EMBED_SWIFT_STANDARD_LIBRARIES = YES;
				BUNDLE_LOADER = "$(TEST_HOST)";
				CODE_SIGN_STYLE = Automatic;
				DEVELOPMENT_TEAM = A9AML55U6D;
				INFOPLIST_FILE = frameworksTests/Info.plist;
				IPHONEOS_DEPLOYMENT_TARGET = 14.3;
				LD_RUNPATH_SEARCH_PATHS = (
					"$(inherited)",
					"@executable_path/Frameworks",
					"@loader_path/Frameworks",
				);
				PRODUCT_BUNDLE_IDENTIFIER = com.likhachev.frameworksTests;
				PRODUCT_NAME = "$(TARGET_NAME)";
				SWIFT_VERSION = 5.0;
				TARGETED_DEVICE_FAMILY = "1,2";
				TEST_HOST = "$(BUILT_PRODUCTS_DIR)/frameworks.app/frameworks";
			};
			name = Release;
		};
		5233FCA625B0D63000F7FD70 /* Debug */ = {
			isa = XCBuildConfiguration;
			baseConfigurationReference = 14060892A12E09EFF8E40906 /* Pods-frameworks-frameworksUITests.debug.xcconfig */;
			buildSettings = {
				ALWAYS_EMBED_SWIFT_STANDARD_LIBRARIES = YES;
				CODE_SIGN_STYLE = Automatic;
				DEVELOPMENT_TEAM = A9AML55U6D;
				INFOPLIST_FILE = frameworksUITests/Info.plist;
				LD_RUNPATH_SEARCH_PATHS = (
					"$(inherited)",
					"@executable_path/Frameworks",
					"@loader_path/Frameworks",
				);
				PRODUCT_BUNDLE_IDENTIFIER = com.likhachev.frameworksUITests;
				PRODUCT_NAME = "$(TARGET_NAME)";
				SWIFT_VERSION = 5.0;
				TARGETED_DEVICE_FAMILY = "1,2";
				TEST_TARGET_NAME = frameworks;
			};
			name = Debug;
		};
		5233FCA725B0D63000F7FD70 /* Release */ = {
			isa = XCBuildConfiguration;
			baseConfigurationReference = 3A1E5BBFA17D74D8173083F8 /* Pods-frameworks-frameworksUITests.release.xcconfig */;
			buildSettings = {
				ALWAYS_EMBED_SWIFT_STANDARD_LIBRARIES = YES;
				CODE_SIGN_STYLE = Automatic;
				DEVELOPMENT_TEAM = A9AML55U6D;
				INFOPLIST_FILE = frameworksUITests/Info.plist;
				LD_RUNPATH_SEARCH_PATHS = (
					"$(inherited)",
					"@executable_path/Frameworks",
					"@loader_path/Frameworks",
				);
				PRODUCT_BUNDLE_IDENTIFIER = com.likhachev.frameworksUITests;
				PRODUCT_NAME = "$(TARGET_NAME)";
				SWIFT_VERSION = 5.0;
				TARGETED_DEVICE_FAMILY = "1,2";
				TEST_TARGET_NAME = frameworks;
			};
			name = Release;
		};
/* End XCBuildConfiguration section */

/* Begin XCConfigurationList section */
		5233FC7025B0D62E00F7FD70 /* Build configuration list for PBXProject "frameworks" */ = {
			isa = XCConfigurationList;
			buildConfigurations = (
				5233FC9D25B0D63000F7FD70 /* Debug */,
				5233FC9E25B0D63000F7FD70 /* Release */,
			);
			defaultConfigurationIsVisible = 0;
			defaultConfigurationName = Release;
		};
		5233FC9F25B0D63000F7FD70 /* Build configuration list for PBXNativeTarget "frameworks" */ = {
			isa = XCConfigurationList;
			buildConfigurations = (
				5233FCA025B0D63000F7FD70 /* Debug */,
				5233FCA125B0D63000F7FD70 /* Release */,
			);
			defaultConfigurationIsVisible = 0;
			defaultConfigurationName = Release;
		};
		5233FCA225B0D63000F7FD70 /* Build configuration list for PBXNativeTarget "frameworksTests" */ = {
			isa = XCConfigurationList;
			buildConfigurations = (
				5233FCA325B0D63000F7FD70 /* Debug */,
				5233FCA425B0D63000F7FD70 /* Release */,
			);
			defaultConfigurationIsVisible = 0;
			defaultConfigurationName = Release;
		};
		5233FCA525B0D63000F7FD70 /* Build configuration list for PBXNativeTarget "frameworksUITests" */ = {
			isa = XCConfigurationList;
			buildConfigurations = (
				5233FCA625B0D63000F7FD70 /* Debug */,
				5233FCA725B0D63000F7FD70 /* Release */,
			);
			defaultConfigurationIsVisible = 0;
			defaultConfigurationName = Release;
		};
/* End XCConfigurationList section */

/* Begin XCRemoteSwiftPackageReference section */
		5291999425B63EFD0081ABC6 /* XCRemoteSwiftPackageReference "realm-cocoa" */ = {
			isa = XCRemoteSwiftPackageReference;
			repositoryURL = "https://github.com/realm/realm-cocoa";
			requirement = {
				kind = upToNextMajorVersion;
				minimumVersion = 10.5.1;
			};
		};
/* End XCRemoteSwiftPackageReference section */

/* Begin XCSwiftPackageProductDependency section */
		5291999525B63EFD0081ABC6 /* Realm */ = {
			isa = XCSwiftPackageProductDependency;
			package = 5291999425B63EFD0081ABC6 /* XCRemoteSwiftPackageReference "realm-cocoa" */;
			productName = Realm;
		};
		5291999725B63EFD0081ABC6 /* RealmSwift */ = {
			isa = XCSwiftPackageProductDependency;
			package = 5291999425B63EFD0081ABC6 /* XCRemoteSwiftPackageReference "realm-cocoa" */;
			productName = RealmSwift;
		};
/* End XCSwiftPackageProductDependency section */
	};
	rootObject = 5233FC6D25B0D62E00F7FD70 /* Project object */;
}
